
Microsoft Visual Studio Solution File, Format Version 12.00
# Visual Studio Version 17
VisualStudioVersion = 17.13.35913.81 d17.13
MinimumVisualStudioVersion = 10.0.40219.1
Project("{FAE04EC0-301F-11D3-BF4B-00C04F79EFBC}") = "AppVehiculos", "AppVehiculos.csproj", "{01B845C8-4210-4DB1-929F-146680357785}"
EndProject
Global
	GlobalSection(SolutionConfigurationPlatforms) = preSolution
		Debug|Any CPU = Debug|Any CPU
		Release|Any CPU = Release|Any CPU
	EndGlobalSection
	GlobalSection(ProjectConfigurationPlatforms) = postSolution
		{01B845C8-4210-4DB1-929F-146680357785}.Debug|Any CPU.ActiveCfg = Debug|Any CPU
		{01B845C8-4210-4DB1-929F-146680357785}.Debug|Any CPU.Build.0 = Debug|Any CPU
		{01B845C8-4210-4DB1-929F-146680357785}.Release|Any CPU.ActiveCfg = Release|Any CPU
		{01B845C8-4210-4DB1-929F-146680357785}.Release|Any CPU.Build.0 = Release|Any CPU
	EndGlobalSection
	GlobalSection(SolutionProperties) = preSolution
		HideSolutionNode = FALSE
	EndGlobalSection
	GlobalSection(ExtensibilityGlobals) = postSolution
		SolutionGuid = {0CDFAB19-193F-4323-86D3-8986A5DF58A9}
	EndGlobalSection
EndGlobal
